
Microsoft Visual Studio Solution File, Format Version 12.00
# Visual Studio Version 17
VisualStudioVersion = 17.11.35327.3
MinimumVisualStudioVersion = 10.0.40219.1
Project("{9A19103F-16F7-4668-BE54-9A1E7A4F7556}") = "ServerTCP", "ServerTCP\ServerTCP.csproj", "{EF9931AB-4799-4802-A4D7-776D6DBCD733}"
EndProject
Project("{9A19103F-16F7-4668-BE54-9A1E7A4F7556}") = "ClientTCP", "ClientTCP\ClientTCP.csproj", "{EDDC15C4-EB05-4EC6-B08B-C5A64584DC6F}"
EndProject
Global
	GlobalSection(SolutionConfigurationPlatforms) = preSolution
		Debug|Any CPU = Debug|Any CPU
		Release|Any CPU = Release|Any CPU
	EndGlobalSection
	GlobalSection(ProjectConfigurationPlatforms) = postSolution
		{EF9931AB-4799-4802-A4D7-776D6DBCD733}.Debug|Any CPU.ActiveCfg = Debug|Any CPU
		{EF9931AB-4799-4802-A4D7-776D6DBCD733}.Debug|Any CPU.Build.0 = Debug|Any CPU
		{EF9931AB-4799-4802-A4D7-776D6DBCD733}.Release|Any CPU.ActiveCfg = Release|Any CPU
		{EF9931AB-4799-4802-A4D7-776D6DBCD733}.Release|Any CPU.Build.0 = Release|Any CPU
		{EDDC15C4-EB05-4EC6-B08B-C5A64584DC6F}.Debug|Any CPU.ActiveCfg = Debug|Any CPU
		{EDDC15C4-EB05-4EC6-B08B-C5A64584DC6F}.Debug|Any CPU.Build.0 = Debug|Any CPU
		{EDDC15C4-EB05-4EC6-B08B-C5A64584DC6F}.Release|Any CPU.ActiveCfg = Release|Any CPU
		{EDDC15C4-EB05-4EC6-B08B-C5A64584DC6F}.Release|Any CPU.Build.0 = Release|Any CPU
	EndGlobalSection
	GlobalSection(SolutionProperties) = preSolution
		HideSolutionNode = FALSE
	EndGlobalSection
	GlobalSection(ExtensibilityGlobals) = postSolution
		SolutionGuid = {6F79915B-0046-4F49-8E3B-A0BDD0A03731}
	EndGlobalSection
EndGlobal
